
Microsoft Visual Studio Solution File, Format Version 12.00
# Visual Studio Version 17
VisualStudioVersion = 17.4.33205.214
MinimumVisualStudioVersion = 10.0.40219.1
Project("{9A19103F-16F7-4668-BE54-9A1E7A4F7556}") = "ApplicationAccess", "ApplicationAccess\ApplicationAccess.csproj", "{37838636-5D60-4BBC-B75A-4E3E0433E13A}"
EndProject
Project("{9A19103F-16F7-4668-BE54-9A1E7A4F7556}") = "ApplicationAccess.UnitTests", "ApplicationAccess.UnitTests\ApplicationAccess.UnitTests.csproj", "{249A6C9E-F197-4D73-9B31-08050BF739A5}"
EndProject
Project("{9A19103F-16F7-4668-BE54-9A1E7A4F7556}") = "ApplicationAccess.Serialization", "ApplicationAccess.Serialization\ApplicationAccess.Serialization.csproj", "{F072DED9-52F4-43E9-AC9A-B098FB3F91CC}"
EndProject
Project("{9A19103F-16F7-4668-BE54-9A1E7A4F7556}") = "ApplicationAccess.Serialization.UnitTests", "ApplicationAccess.Serialization.UnitTests\ApplicationAccess.Serialization.UnitTests.csproj", "{F61BDDA0-D3A4-4E92-988B-407AEC3815C6}"
EndProject
Project("{9A19103F-16F7-4668-BE54-9A1E7A4F7556}") = "ApplicationAccess.Persistence", "ApplicationAccess.Persistence\ApplicationAccess.Persistence.csproj", "{C6C0B186-720E-4958-A8C3-8B409BF4EC08}"
EndProject
Project("{9A19103F-16F7-4668-BE54-9A1E7A4F7556}") = "ApplicationAccess.Persistence.UnitTests", "ApplicationAccess.Persistence.UnitTests\ApplicationAccess.Persistence.UnitTests.csproj", "{C04FBA5D-5F66-468D-B039-F9A3505D2CB6}"
EndProject
Project("{9A19103F-16F7-4668-BE54-9A1E7A4F7556}") = "ApplicationAccess.Utilities", "ApplicationAccess.Utilities\ApplicationAccess.Utilities.csproj", "{9B738DCB-CCC4-4C01-BE1D-28CC2EC35D30}"
EndProject
Project("{9A19103F-16F7-4668-BE54-9A1E7A4F7556}") = "ApplicationAccess.Utilities.UnitTests", "ApplicationAccess.Utilities.UnitTests\ApplicationAccess.Utilities.UnitTests.csproj", "{84544608-F9E4-422A-AE34-07F5B7686996}"
EndProject
Project("{9A19103F-16F7-4668-BE54-9A1E7A4F7556}") = "ApplicationAccess.Validation", "ApplicationAccess.Validation\ApplicationAccess.Validation.csproj", "{57D87493-66BB-4A85-903B-05383FB5EBB9}"
EndProject
Project("{9A19103F-16F7-4668-BE54-9A1E7A4F7556}") = "ApplicationAccess.Validation.UnitTests", "ApplicationAccess.Validation.UnitTests\ApplicationAccess.Validation.UnitTests.csproj", "{AC7522E5-36EE-4421-88E0-F8947CDEE773}"
EndProject
Project("{9A19103F-16F7-4668-BE54-9A1E7A4F7556}") = "ApplicationAccess.Persistence.Sql.SqlServer", "ApplicationAccess.Persistence.Sql.SqlServer\ApplicationAccess.Persistence.Sql.SqlServer.csproj", "{57E32543-0594-4763-8E77-5050749FE287}"
EndProject
Project("{9A19103F-16F7-4668-BE54-9A1E7A4F7556}") = "ApplicationAccess.Metrics", "ApplicationAccess.Metrics\ApplicationAccess.Metrics.csproj", "{DB44911E-3789-46BA-AC7A-697F48460971}"
EndProject
Project("{9A19103F-16F7-4668-BE54-9A1E7A4F7556}") = "ApplicationAccess.Serialization.Metrics", "ApplicationAccess.Serialization.Metrics\ApplicationAccess.Serialization.Metrics.csproj", "{FB3C10B8-A634-4AB6-8A1E-9FB8FE0B435F}"
EndProject
Project("{9A19103F-16F7-4668-BE54-9A1E7A4F7556}") = "ApplicationAccess.Metrics.UnitTests", "ApplicationAccess.Metrics.UnitTests\ApplicationAccess.Metrics.UnitTests.csproj", "{E67D8540-111D-487B-9E0B-AB477A6010C5}"
EndProject
Project("{9A19103F-16F7-4668-BE54-9A1E7A4F7556}") = "ApplicationAccess.Persistence.Sql.SqlServer.UnitTests", "ApplicationAccess.Persistence.Sql.SqlServer.UnitTests\ApplicationAccess.Persistence.Sql.SqlServer.UnitTests.csproj", "{A38B562B-FFCB-41D3-BF2F-5D36E0F0BE51}"
EndProject
Project("{9A19103F-16F7-4668-BE54-9A1E7A4F7556}") = "ApplicationAccess.Persistence.Metrics", "ApplicationAccess.Persistence.Metrics\ApplicationAccess.Persistence.Metrics.csproj", "{78BA16D7-CE1F-4CB4-9146-C10FBFFE4483}"
EndProject
Project("{9A19103F-16F7-4668-BE54-9A1E7A4F7556}") = "ApplicationAccess.Hosting", "ApplicationAccess.Hosting\ApplicationAccess.Hosting.csproj", "{434B310C-6C25-4776-A044-76E5F93ED3FF}"
EndProject
Project("{9A19103F-16F7-4668-BE54-9A1E7A4F7556}") = "ApplicationAccess.Hosting.UnitTests", "ApplicationAccess.Hosting.UnitTests\ApplicationAccess.Hosting.UnitTests.csproj", "{8F66CFE0-0EEE-4C8E-8DDC-BF25C80CC156}"
EndProject
Project("{9A19103F-16F7-4668-BE54-9A1E7A4F7556}") = "ApplicationAccess.TestHarness", "ApplicationAccess.TestHarness\ApplicationAccess.TestHarness.csproj", "{0E08CD1F-48D3-45B0-ADFA-509967A51496}"
EndProject
Project("{9A19103F-16F7-4668-BE54-9A1E7A4F7556}") = "ApplicationAccess.Hosting.Rest.ReaderWriter", "ApplicationAccess.Hosting.Rest.ReaderWriter\ApplicationAccess.Hosting.Rest.ReaderWriter.csproj", "{5575EC67-3670-4979-9CF0-2E0A860D2CC9}"
EndProject
Project("{9A19103F-16F7-4668-BE54-9A1E7A4F7556}") = "ApplicationAccess.Hosting.Models.Options", "ApplicationAccess.Hosting.Models.Options\ApplicationAccess.Hosting.Models.Options.csproj", "{F9DAEC2B-CB67-4BD2-AEA6-4039AC5E7448}"
EndProject
Project("{9A19103F-16F7-4668-BE54-9A1E7A4F7556}") = "ApplicationAccess.Hosting.Rest", "ApplicationAccess.Hosting.Rest\ApplicationAccess.Hosting.Rest.csproj", "{6B44B371-8641-4E23-A96E-85510EADA411}"
EndProject
Project("{9A19103F-16F7-4668-BE54-9A1E7A4F7556}") = "ApplicationAccess.Hosting.Models", "ApplicationAccess.Hosting.Models\ApplicationAccess.Hosting.Models.csproj", "{ECFB856A-1612-4CD6-8469-24A260893050}"
EndProject
Project("{9A19103F-16F7-4668-BE54-9A1E7A4F7556}") = "ApplicationAccess.Hosting.Rest.UnitTests", "ApplicationAccess.Hosting.Rest.UnitTests\ApplicationAccess.Hosting.Rest.UnitTests.csproj", "{FD649D14-428D-4202-8BB6-75F128F35344}"
EndProject
Project("{9A19103F-16F7-4668-BE54-9A1E7A4F7556}") = "ApplicationAccess.Hosting.Rest.ReaderWriter.IntegrationTests", "ApplicationAccess.Hosting.Rest.ReaderWriter.IntegrationTests\ApplicationAccess.Hosting.Rest.ReaderWriter.IntegrationTests.csproj", "{8FC48126-ABB8-42AA-8A1D-CBE49C2CB64C}"
EndProject
Project("{9A19103F-16F7-4668-BE54-9A1E7A4F7556}") = "ApplicationAccess.Hosting.Rest.Utilities", "ApplicationAccess.Hosting.Rest.Utilities\ApplicationAccess.Hosting.Rest.Utilities.csproj", "{1CB8C820-E02F-41EA-B8A5-485FE6E96DD0}"
EndProject
Project("{9A19103F-16F7-4668-BE54-9A1E7A4F7556}") = "ApplicationAccess.Hosting.Rest.Utilities.UnitTests", "ApplicationAccess.Hosting.Rest.Utilities.UnitTests\ApplicationAccess.Hosting.Rest.Utilities.UnitTests.csproj", "{283F03CC-2DEB-4E93-94C9-74E8BEAC3EB6}"
EndProject
Project("{9A19103F-16F7-4668-BE54-9A1E7A4F7556}") = "ApplicationAccess.Hosting.Rest.Client.UnitTests", "ApplicationAccess.Hosting.Rest.Client.UnitTests\ApplicationAccess.Hosting.Rest.Client.UnitTests.csproj", "{8A86B1D8-D3AA-4385-A747-87D36086FB0E}"
EndProject
Project("{9A19103F-16F7-4668-BE54-9A1E7A4F7556}") = "ApplicationAccess.Hosting.Rest.Client.IntegrationTests", "ApplicationAccess.Hosting.Rest.Client.IntegrationTests\ApplicationAccess.Hosting.Rest.Client.IntegrationTests.csproj", "{4386A81D-4684-4288-9632-D339B21BA0B4}"
EndProject
Project("{9A19103F-16F7-4668-BE54-9A1E7A4F7556}") = "ApplicationAccess.Hosting.Rest.AsyncClient", "ApplicationAccess.Hosting.Rest.AsyncClient\ApplicationAccess.Hosting.Rest.AsyncClient.csproj", "{FF311B2C-74BD-4E7B-8CC6-59CDB9E40803}"
EndProject
Project("{9A19103F-16F7-4668-BE54-9A1E7A4F7556}") = "ApplicationAccess.Hosting.Rest.Client", "ApplicationAccess.Hosting.Rest.Client\ApplicationAccess.Hosting.Rest.Client.csproj", "{460C8D31-8881-4982-ABD4-43E5D8A88D81}"
EndProject
Project("{9A19103F-16F7-4668-BE54-9A1E7A4F7556}") = "ApplicationAccess.Hosting.Rest.AsyncClient.IntegrationTests", "ApplicationAccess.Hosting.Rest.AsyncClient.IntegrationTests\ApplicationAccess.Hosting.Rest.AsyncClient.IntegrationTests.csproj", "{C311C4B6-4C85-4683-8D4D-1447DBDB1073}"
EndProject
Project("{9A19103F-16F7-4668-BE54-9A1E7A4F7556}") = "ApplicationAccess.Hosting.Rest.AsyncClient.UnitTests", "ApplicationAccess.Hosting.Rest.AsyncClient.UnitTests\ApplicationAccess.Hosting.Rest.AsyncClient.UnitTests.csproj", "{61C9AFAE-9C79-4D7E-AC33-2690B9396DBC}"
EndProject
Project("{9A19103F-16F7-4668-BE54-9A1E7A4F7556}") = "ApplicationAccess.Hosting.Rest.EventCache", "ApplicationAccess.Hosting.Rest.EventCache\ApplicationAccess.Hosting.Rest.EventCache.csproj", "{B619B5CC-1B70-4271-9767-B8F509F75AEC}"
EndProject
Project("{9A19103F-16F7-4668-BE54-9A1E7A4F7556}") = "ApplicationAccess.Hosting.Rest.EventCache.IntegrationTests", "ApplicationAccess.Hosting.Rest.EventCache.IntegrationTests\ApplicationAccess.Hosting.Rest.EventCache.IntegrationTests.csproj", "{D8A3D67E-2675-4C16-B097-112A95B3D5CD}"
EndProject
Project("{9A19103F-16F7-4668-BE54-9A1E7A4F7556}") = "ApplicationAccess.Hosting.LaunchPreparer", "ApplicationAccess.Hosting.LaunchPreparer\ApplicationAccess.Hosting.LaunchPreparer.csproj", "{A79FFB4E-26C4-40A5-A658-6E07456E2247}"
EndProject
Project("{9A19103F-16F7-4668-BE54-9A1E7A4F7556}") = "ApplicationAccess.Hosting.Rest.Writer", "ApplicationAccess.Hosting.Rest.Writer\ApplicationAccess.Hosting.Rest.Writer.csproj", "{6F4C6B4E-66F5-432C-A6ED-BED247D7DE25}"
EndProject
Project("{9A19103F-16F7-4668-BE54-9A1E7A4F7556}") = "ApplicationAccess.Hosting.Rest.Reader", "ApplicationAccess.Hosting.Rest.Reader\ApplicationAccess.Hosting.Rest.Reader.csproj", "{27845B2A-2097-4579-B549-74A34F07A3BA}"
EndProject
Project("{9A19103F-16F7-4668-BE54-9A1E7A4F7556}") = "ApplicationAccess.Hosting.LaunchPreparer.UnitTests", "ApplicationAccess.Hosting.LaunchPreparer.UnitTests\ApplicationAccess.Hosting.LaunchPreparer.UnitTests.csproj", "{9C8CCDF9-AB68-4426-9D9E-D1D293B3496A}"
EndProject
Project("{9A19103F-16F7-4668-BE54-9A1E7A4F7556}") = "ApplicationAccess.Hosting.Rest.DependencyFreeReaderWriter", "ApplicationAccess.Hosting.Rest.DependencyFreeReaderWriter\ApplicationAccess.Hosting.Rest.DependencyFreeReaderWriter.csproj", "{894CDB2E-16FA-4641-8CAD-BEDAEA0BBF15}"
EndProject
Project("{9A19103F-16F7-4668-BE54-9A1E7A4F7556}") = "ApplicationAccess.Distribution", "ApplicationAccess.Distribution\ApplicationAccess.Distribution.csproj", "{C2F307A2-6D89-46D1-8C9A-78D3A684F175}"
EndProject
Project("{9A19103F-16F7-4668-BE54-9A1E7A4F7556}") = "ApplicationAccess.Distribution.UnitTests", "ApplicationAccess.Distribution.UnitTests\ApplicationAccess.Distribution.UnitTests.csproj", "{BF647EC3-68D9-4C5E-A6CF-C85D8749DB1B}"
EndProject
Project("{9A19103F-16F7-4668-BE54-9A1E7A4F7556}") = "ApplicationAccess.Hosting.Rest.DistributedReader", "ApplicationAccess.Hosting.Rest.DistributedReader\ApplicationAccess.Hosting.Rest.DistributedReader.csproj", "{DDC88DB6-C3E8-49F0-9EFE-1F2E68220750}"
EndProject
Project("{9A19103F-16F7-4668-BE54-9A1E7A4F7556}") = "ApplicationAccess.Hosting.Rest.DistributedWriter", "ApplicationAccess.Hosting.Rest.DistributedWriter\ApplicationAccess.Hosting.Rest.DistributedWriter.csproj", "{E13E7F0C-962D-4395-A314-EFB810F73F2E}"
EndProject
Project("{9A19103F-16F7-4668-BE54-9A1E7A4F7556}") = "ApplicationAccess.Hosting.Rest.DistributedAsyncClient", "ApplicationAccess.Hosting.Rest.DistributedAsyncClient\ApplicationAccess.Hosting.Rest.DistributedAsyncClient.csproj", "{5C672646-A614-411E-8CEB-4517A0E83C3D}"
EndProject
Project("{9A19103F-16F7-4668-BE54-9A1E7A4F7556}") = "ApplicationAccess.Hosting.Rest.DistributedAsyncClient.IntegrationTests", "ApplicationAccess.Hosting.Rest.DistributedAsyncClient.IntegrationTests\ApplicationAccess.Hosting.Rest.DistributedAsyncClient.IntegrationTests.csproj", "{D766E500-9466-4EB9-8890-834C740BB59D}"
EndProject
Project("{9A19103F-16F7-4668-BE54-9A1E7A4F7556}") = "ApplicationAccess.Distribution.Serialization", "ApplicationAccess.Distribution.Serialization\ApplicationAccess.Distribution.Serialization.csproj", "{1EB6FCD6-464C-4630-8205-E60AFF1BC265}"
EndProject
Project("{9A19103F-16F7-4668-BE54-9A1E7A4F7556}") = "ApplicationAccess.Distribution.Serialization.UnitTests", "ApplicationAccess.Distribution.Serialization.UnitTests\ApplicationAccess.Distribution.Serialization.UnitTests.csproj", "{71807A0D-4B8C-440F-B76F-450C363944C9}"
EndProject
Project("{9A19103F-16F7-4668-BE54-9A1E7A4F7556}") = "ApplicationAccess.Distribution.Persistence", "ApplicationAccess.Distribution.Persistence\ApplicationAccess.Distribution.Persistence.csproj", "{2747E9D6-2F36-47C7-B8F0-86747216122A}"
EndProject
Project("{9A19103F-16F7-4668-BE54-9A1E7A4F7556}") = "ApplicationAccess.Distribution.Persistence.SqlServer", "ApplicationAccess.Distribution.Persistence.SqlServer\ApplicationAccess.Distribution.Persistence.SqlServer.csproj", "{25640E53-264B-4740-B582-562F946A8984}"
EndProject
Project("{9A19103F-16F7-4668-BE54-9A1E7A4F7556}") = "ApplicationAccess.Distribution.Persistence.SqlServer.UnitTests", "ApplicationAccess.Distribution.Persistence.SqlServer.UnitTests\ApplicationAccess.Distribution.Persistence.SqlServer.UnitTests.csproj", "{6FBDC1F7-4510-45BF-B684-D2EAA79B3C36}"
EndProject
Project("{9A19103F-16F7-4668-BE54-9A1E7A4F7556}") = "ApplicationAccess.Hosting.Rest.DistributedOperationCoordinator", "ApplicationAccess.Hosting.Rest.DistributedOperationCoordinator\ApplicationAccess.Hosting.Rest.DistributedOperationCoordinator.csproj", "{A04C5FFA-E1AF-422B-97DD-30E55ED3D7E6}"
EndProject
Project("{9A19103F-16F7-4668-BE54-9A1E7A4F7556}") = "ApplicationAccess.Hosting.Rest.DistributedOperationCoordinator.IntegrationTests", "ApplicationAccess.Hosting.Rest.DistributedOperationCoordinator.IntegrationTests\ApplicationAccess.Hosting.Rest.DistributedOperationCoordinator.IntegrationTests.csproj", "{9DC12A78-A4F6-4B68-A3DB-22200C18B267}"
EndProject
Project("{9A19103F-16F7-4668-BE54-9A1E7A4F7556}") = "ApplicationAccess.InstanceComparer", "ApplicationAccess.InstanceComparer\ApplicationAccess.InstanceComparer.csproj", "{09DFCDD4-89AD-4469-9DBD-9BBA6A8167AC}"
EndProject
Project("{9A19103F-16F7-4668-BE54-9A1E7A4F7556}") = "ApplicationAccess.Persistence.Sql", "ApplicationAccess.Persistence.Sql\ApplicationAccess.Persistence.Sql.csproj", "{721CF9CC-3F94-4FB3-9CD2-A4DD8A05ED9F}"
EndProject
Project("{9A19103F-16F7-4668-BE54-9A1E7A4F7556}") = "ApplicationAccess.Persistence.Sql.PostgreSql", "ApplicationAccess.Persistence.Sql.PostgreSql\ApplicationAccess.Persistence.Sql.PostgreSql.csproj", "{0C03D66B-A48A-43F2-8B84-BCD78D5F3488}"
EndProject
Project("{9A19103F-16F7-4668-BE54-9A1E7A4F7556}") = "ApplicationAccess.Persistence.Sql.PostgreSql.UnitTests", "ApplicationAccess.Persistence.Sql.PostgreSql.UnitTests\ApplicationAccess.Persistence.Sql.PostgreSql.UnitTests.csproj", "{C2F4B90C-5F6B-4C99-B4AC-EFA2B1692B15}"
EndProject
Project("{9A19103F-16F7-4668-BE54-9A1E7A4F7556}") = "ApplicationAccess.Persistence.Sql.UnitTests", "ApplicationAccess.Persistence.Sql.UnitTests\ApplicationAccess.Persistence.Sql.UnitTests.csproj", "{8AF046AC-6E08-4FC3-B512-4FFFF5D29CCF}"
EndProject
Project("{9A19103F-16F7-4668-BE54-9A1E7A4F7556}") = "ApplicationAccess.Hosting.Models.Options.UnitTests", "ApplicationAccess.Hosting.Models.Options.UnitTests\ApplicationAccess.Hosting.Models.Options.UnitTests.csproj", "{6642147B-3ADC-4BBA-85CB-E2DFA0D200B8}"
EndProject
Project("{9A19103F-16F7-4668-BE54-9A1E7A4F7556}") = "ApplicationAccess.Hosting.Persistence.Sql", "ApplicationAccess.Hosting.Persistence.Sql\ApplicationAccess.Hosting.Persistence.Sql.csproj", "{EC3D72C2-9AFB-4D21-A6EE-9A43ABB34863}"
EndProject
Project("{9A19103F-16F7-4668-BE54-9A1E7A4F7556}") = "ApplicationAccess.Hosting.Metrics", "ApplicationAccess.Hosting.Metrics\ApplicationAccess.Hosting.Metrics.csproj", "{03AB5F12-655A-4796-8582-EF0D54E0CD26}"
EndProject
Project("{9A19103F-16F7-4668-BE54-9A1E7A4F7556}") = "ApplicationAccess.Hosting.Rest.IntegrationTests", "ApplicationAccess.Hosting.Rest.IntegrationTests\ApplicationAccess.Hosting.Rest.IntegrationTests.csproj", "{11C5911D-EE4E-46E9-958D-1FCBEEE6BB50}"
EndProject
Project("{9A19103F-16F7-4668-BE54-9A1E7A4F7556}") = "ApplicationAccess.Persistence.File", "ApplicationAccess.Persistence.File\ApplicationAccess.Persistence.File.csproj", "{9E435E1D-EDB4-4E85-B1A2-F08B753EDE2B}"
EndProject
Project("{9A19103F-16F7-4668-BE54-9A1E7A4F7556}") = "ApplicationAccess.Persistence.File.IntegrationTests", "ApplicationAccess.Persistence.File.IntegrationTests\ApplicationAccess.Persistence.File.IntegrationTests.csproj", "{A1AC8C4E-3145-4E26-A8A3-329EF2A6CA60}"
EndProject
Project("{9A19103F-16F7-4668-BE54-9A1E7A4F7556}") = "ApplicationAccess.Hosting.Persistence.Sql.UnitTests", "ApplicationAccess.Hosting.Persistence.Sql.UnitTests\ApplicationAccess.Hosting.Persistence.Sql.UnitTests.csproj", "{FB987D64-BFD4-4F40-84B3-C9A9900232B9}"
EndProject
Project("{FAE04EC0-301F-11D3-BF4B-00C04F79EFBC}") = "ApplicationAccess.Hosting.Metrics.UnitTests", "ApplicationAccess.Hosting.Metrics.UnitTests\ApplicationAccess.Hosting.Metrics.UnitTests.csproj", "{1BC6ECD3-40D8-4327-9684-0E7C1ED7B3F0}"
EndProject
Project("{FAE04EC0-301F-11D3-BF4B-00C04F79EFBC}") = "ApplicationAccess.Hosting.Rest.DistributedOperationRouter", "ApplicationAccess.Hosting.Rest.DistributedOperationRouter\ApplicationAccess.Hosting.Rest.DistributedOperationRouter.csproj", "{DA56F1D8-3BE6-494F-9C10-35A9DDFC5D40}"
EndProject
Project("{FAE04EC0-301F-11D3-BF4B-00C04F79EFBC}") = "ApplicationAccess.Hosting.Rest.DistributedOperationRouter.IntegrationTests", "ApplicationAccess.Hosting.Rest.DistributedOperationRouter.IntegrationTests\ApplicationAccess.Hosting.Rest.DistributedOperationRouter.IntegrationTests.csproj", "{FEA5E962-4B97-4052-841F-56DCA32C9BEB}"
EndProject
Project("{FAE04EC0-301F-11D3-BF4B-00C04F79EFBC}") = "ApplicationAccess.Hosting.Rest.DistributedOperationRouterClient", "ApplicationAccess.Hosting.Rest.DistributedOperationRouterClient\ApplicationAccess.Hosting.Rest.DistributedOperationRouterClient.csproj", "{904A74CD-7375-451F-AD0F-23B8EBEA8613}"
EndProject
Project("{FAE04EC0-301F-11D3-BF4B-00C04F79EFBC}") = "ApplicationAccess.Hosting.Rest.DistributedWriter.IntegrationTests", "ApplicationAccess.Hosting.Rest.DistributedWriter.IntegrationTests\ApplicationAccess.Hosting.Rest.DistributedWriter.IntegrationTests.csproj", "{E3D75487-19E7-4BEB-BAEB-D63CE9476191}"
EndProject
Project("{FAE04EC0-301F-11D3-BF4B-00C04F79EFBC}") = "ApplicationAccess.Hosting.Rest.DistributedWriterAdministratorClient", "ApplicationAccess.Hosting.Rest.DistributedWriterAdministratorClient\ApplicationAccess.Hosting.Rest.DistributedWriterAdministratorClient.csproj", "{42D07C55-0BCA-43FF-9CB6-E41EB05C53A8}"
EndProject
Project("{FAE04EC0-301F-11D3-BF4B-00C04F79EFBC}") = "ApplicationAccess.Redistribution", "ApplicationAccess.Redistribution\ApplicationAccess.Redistribution.csproj", "{9682BD7A-AD0D-4681-9769-F9FA948DED46}"
EndProject
Project("{FAE04EC0-301F-11D3-BF4B-00C04F79EFBC}") = "ApplicationAccess.Redistribution.UnitTests", "ApplicationAccess.Redistribution.UnitTests\ApplicationAccess.Redistribution.UnitTests.csproj", "{E9CBE374-1AB6-4B8B-9A98-D4B8156761AA}"
EndProject
Project("{FAE04EC0-301F-11D3-BF4B-00C04F79EFBC}") = "ApplicationAccess.Redistribution.Kubernetes", "ApplicationAccess.Redistribution.Kubernetes\ApplicationAccess.Redistribution.Kubernetes.csproj", "{2BB3CD20-0759-4E43-9FB6-C685D3FD1F79}"
EndProject
Project("{FAE04EC0-301F-11D3-BF4B-00C04F79EFBC}") = "ApplicationAccess.Redistribution.Kubernetes.UnitTests", "ApplicationAccess.Redistribution.Kubernetes.UnitTests\ApplicationAccess.Redistribution.Kubernetes.UnitTests.csproj", "{69D379E0-E1AB-4030-B013-65E8D24975A6}"
EndProject
Project("{FAE04EC0-301F-11D3-BF4B-00C04F79EFBC}") = "ApplicationAccess.Redistribution.Persistence.SqlServer", "ApplicationAccess.Redistribution.Persistence.SqlServer\ApplicationAccess.Redistribution.Persistence.SqlServer.csproj", "{498FA6E2-C86A-479E-8379-1F8D6BCB05B3}"
EndProject
Project("{FAE04EC0-301F-11D3-BF4B-00C04F79EFBC}") = "ApplicationAccess.Redistribution.Persistence.SqlServer.UnitTests", "ApplicationAccess.Redistribution.Persistence.SqlServer.UnitTests\ApplicationAccess.Redistribution.Persistence.SqlServer.UnitTests.csproj", "{A4E04043-E918-4728-9A04-B701A6626DB4}"
EndProject
Project("{FAE04EC0-301F-11D3-BF4B-00C04F79EFBC}") = "ApplicationAccess.Hosting.Rest.KubernetesDistributedInstanceManager", "ApplicationAccess.Hosting.Rest.KubernetesDistributedInstanceManager\ApplicationAccess.Hosting.Rest.KubernetesDistributedInstanceManager.csproj", "{FDCF5943-1432-4A75-B858-C29C2693367E}"
EndProject
Project("{FAE04EC0-301F-11D3-BF4B-00C04F79EFBC}") = "ApplicationAccess.Hosting.Rest.KubernetesDistributedInstanceManager.UnitTests", "ApplicationAccess.Hosting.Rest.KubernetesDistributedInstanceManager.UnitTests\ApplicationAccess.Hosting.Rest.KubernetesDistributedInstanceManager.UnitTests.csproj", "{4A66C197-265C-47B0-B0E8-E1E9A5C68FC5}"
EndProject
Project("{FAE04EC0-301F-11D3-BF4B-00C04F79EFBC}") = "ApplicationAccess.Distribution.Persistence.UnitTests", "ApplicationAccess.Distribution.Persistence.UnitTests\ApplicationAccess.Distribution.Persistence.UnitTests.csproj", "{B1FB7F9C-F8BA-4B91-A619-0176F3111560}"
EndProject
Project("{FAE04EC0-301F-11D3-BF4B-00C04F79EFBC}") = "ApplicationAccess.Hosting.Persistence", "ApplicationAccess.Hosting.Persistence\ApplicationAccess.Hosting.Persistence.csproj", "{118879F6-4091-4F24-AD4A-8C443A2A9A80}"
EndProject
Project("{FAE04EC0-301F-11D3-BF4B-00C04F79EFBC}") = "ApplicationAccess.Hosting.Persistence.UnitTests", "ApplicationAccess.Hosting.Persistence.UnitTests\ApplicationAccess.Hosting.Persistence.UnitTests.csproj", "{A66D5C51-42F4-40D2-87EC-C11B7EB1C186}"
EndProject
Project("{FAE04EC0-301F-11D3-BF4B-00C04F79EFBC}") = "ApplicationAccess.Hosting.Grpc", "ApplicationAccess.Hosting.Grpc\ApplicationAccess.Hosting.Grpc.csproj", "{41E946F0-C9AD-4EE9-A7AF-77F1667FF8F2}"
EndProject
Project("{FAE04EC0-301F-11D3-BF4B-00C04F79EFBC}") = "ApplicationAccess.Persistence.MongoDb", "ApplicationAccess.Persistence.MongoDb\ApplicationAccess.Persistence.MongoDb.csproj", "{22B5BB1E-6678-439C-AAF7-93BF963FC146}"
EndProject
Project("{FAE04EC0-301F-11D3-BF4B-00C04F79EFBC}") = "ApplicationAccess.Hosting.Grpc.UnitTests", "ApplicationAccess.Hosting.Grpc.UnitTests\ApplicationAccess.Hosting.Grpc.UnitTests.csproj", "{42C7840A-3AEC-4A24-BF1F-40CB518811F1}"
EndProject
Global
	GlobalSection(SolutionConfigurationPlatforms) = preSolution
		Debug|Any CPU = Debug|Any CPU
		Release|Any CPU = Release|Any CPU
	EndGlobalSection
	GlobalSection(ProjectConfigurationPlatforms) = postSolution
		{37838636-5D60-4BBC-B75A-4E3E0433E13A}.Debug|Any CPU.ActiveCfg = Debug|Any CPU
		{37838636-5D60-4BBC-B75A-4E3E0433E13A}.Debug|Any CPU.Build.0 = Debug|Any CPU
		{37838636-5D60-4BBC-B75A-4E3E0433E13A}.Release|Any CPU.ActiveCfg = Release|Any CPU
		{37838636-5D60-4BBC-B75A-4E3E0433E13A}.Release|Any CPU.Build.0 = Release|Any CPU
		{249A6C9E-F197-4D73-9B31-08050BF739A5}.Debug|Any CPU.ActiveCfg = Debug|Any CPU
		{249A6C9E-F197-4D73-9B31-08050BF739A5}.Debug|Any CPU.Build.0 = Debug|Any CPU
		{249A6C9E-F197-4D73-9B31-08050BF739A5}.Release|Any CPU.ActiveCfg = Release|Any CPU
		{249A6C9E-F197-4D73-9B31-08050BF739A5}.Release|Any CPU.Build.0 = Release|Any CPU
		{F072DED9-52F4-43E9-AC9A-B098FB3F91CC}.Debug|Any CPU.ActiveCfg = Debug|Any CPU
		{F072DED9-52F4-43E9-AC9A-B098FB3F91CC}.Debug|Any CPU.Build.0 = Debug|Any CPU
		{F072DED9-52F4-43E9-AC9A-B098FB3F91CC}.Release|Any CPU.ActiveCfg = Release|Any CPU
		{F072DED9-52F4-43E9-AC9A-B098FB3F91CC}.Release|Any CPU.Build.0 = Release|Any CPU
		{F61BDDA0-D3A4-4E92-988B-407AEC3815C6}.Debug|Any CPU.ActiveCfg = Debug|Any CPU
		{F61BDDA0-D3A4-4E92-988B-407AEC3815C6}.Debug|Any CPU.Build.0 = Debug|Any CPU
		{F61BDDA0-D3A4-4E92-988B-407AEC3815C6}.Release|Any CPU.ActiveCfg = Release|Any CPU
		{F61BDDA0-D3A4-4E92-988B-407AEC3815C6}.Release|Any CPU.Build.0 = Release|Any CPU
		{C6C0B186-720E-4958-A8C3-8B409BF4EC08}.Debug|Any CPU.ActiveCfg = Debug|Any CPU
		{C6C0B186-720E-4958-A8C3-8B409BF4EC08}.Debug|Any CPU.Build.0 = Debug|Any CPU
		{C6C0B186-720E-4958-A8C3-8B409BF4EC08}.Release|Any CPU.ActiveCfg = Release|Any CPU
		{C6C0B186-720E-4958-A8C3-8B409BF4EC08}.Release|Any CPU.Build.0 = Release|Any CPU
		{C04FBA5D-5F66-468D-B039-F9A3505D2CB6}.Debug|Any CPU.ActiveCfg = Debug|Any CPU
		{C04FBA5D-5F66-468D-B039-F9A3505D2CB6}.Debug|Any CPU.Build.0 = Debug|Any CPU
		{C04FBA5D-5F66-468D-B039-F9A3505D2CB6}.Release|Any CPU.ActiveCfg = Release|Any CPU
		{C04FBA5D-5F66-468D-B039-F9A3505D2CB6}.Release|Any CPU.Build.0 = Release|Any CPU
		{9B738DCB-CCC4-4C01-BE1D-28CC2EC35D30}.Debug|Any CPU.ActiveCfg = Debug|Any CPU
		{9B738DCB-CCC4-4C01-BE1D-28CC2EC35D30}.Debug|Any CPU.Build.0 = Debug|Any CPU
		{9B738DCB-CCC4-4C01-BE1D-28CC2EC35D30}.Release|Any CPU.ActiveCfg = Release|Any CPU
		{9B738DCB-CCC4-4C01-BE1D-28CC2EC35D30}.Release|Any CPU.Build.0 = Release|Any CPU
		{84544608-F9E4-422A-AE34-07F5B7686996}.Debug|Any CPU.ActiveCfg = Debug|Any CPU
		{84544608-F9E4-422A-AE34-07F5B7686996}.Debug|Any CPU.Build.0 = Debug|Any CPU
		{84544608-F9E4-422A-AE34-07F5B7686996}.Release|Any CPU.ActiveCfg = Release|Any CPU
		{84544608-F9E4-422A-AE34-07F5B7686996}.Release|Any CPU.Build.0 = Release|Any CPU
		{57D87493-66BB-4A85-903B-05383FB5EBB9}.Debug|Any CPU.ActiveCfg = Debug|Any CPU
		{57D87493-66BB-4A85-903B-05383FB5EBB9}.Debug|Any CPU.Build.0 = Debug|Any CPU
		{57D87493-66BB-4A85-903B-05383FB5EBB9}.Release|Any CPU.ActiveCfg = Release|Any CPU
		{57D87493-66BB-4A85-903B-05383FB5EBB9}.Release|Any CPU.Build.0 = Release|Any CPU
		{AC7522E5-36EE-4421-88E0-F8947CDEE773}.Debug|Any CPU.ActiveCfg = Debug|Any CPU
		{AC7522E5-36EE-4421-88E0-F8947CDEE773}.Debug|Any CPU.Build.0 = Debug|Any CPU
		{AC7522E5-36EE-4421-88E0-F8947CDEE773}.Release|Any CPU.ActiveCfg = Release|Any CPU
		{AC7522E5-36EE-4421-88E0-F8947CDEE773}.Release|Any CPU.Build.0 = Release|Any CPU
		{57E32543-0594-4763-8E77-5050749FE287}.Debug|Any CPU.ActiveCfg = Debug|Any CPU
		{57E32543-0594-4763-8E77-5050749FE287}.Debug|Any CPU.Build.0 = Debug|Any CPU
		{57E32543-0594-4763-8E77-5050749FE287}.Release|Any CPU.ActiveCfg = Release|Any CPU
		{57E32543-0594-4763-8E77-5050749FE287}.Release|Any CPU.Build.0 = Release|Any CPU
		{DB44911E-3789-46BA-AC7A-697F48460971}.Debug|Any CPU.ActiveCfg = Debug|Any CPU
		{DB44911E-3789-46BA-AC7A-697F48460971}.Debug|Any CPU.Build.0 = Debug|Any CPU
		{DB44911E-3789-46BA-AC7A-697F48460971}.Release|Any CPU.ActiveCfg = Release|Any CPU
		{DB44911E-3789-46BA-AC7A-697F48460971}.Release|Any CPU.Build.0 = Release|Any CPU
		{FB3C10B8-A634-4AB6-8A1E-9FB8FE0B435F}.Debug|Any CPU.ActiveCfg = Debug|Any CPU
		{FB3C10B8-A634-4AB6-8A1E-9FB8FE0B435F}.Debug|Any CPU.Build.0 = Debug|Any CPU
		{FB3C10B8-A634-4AB6-8A1E-9FB8FE0B435F}.Release|Any CPU.ActiveCfg = Release|Any CPU
		{FB3C10B8-A634-4AB6-8A1E-9FB8FE0B435F}.Release|Any CPU.Build.0 = Release|Any CPU
		{E67D8540-111D-487B-9E0B-AB477A6010C5}.Debug|Any CPU.ActiveCfg = Debug|Any CPU
		{E67D8540-111D-487B-9E0B-AB477A6010C5}.Debug|Any CPU.Build.0 = Debug|Any CPU
		{E67D8540-111D-487B-9E0B-AB477A6010C5}.Release|Any CPU.ActiveCfg = Release|Any CPU
		{E67D8540-111D-487B-9E0B-AB477A6010C5}.Release|Any CPU.Build.0 = Release|Any CPU
		{A38B562B-FFCB-41D3-BF2F-5D36E0F0BE51}.Debug|Any CPU.ActiveCfg = Debug|Any CPU
		{A38B562B-FFCB-41D3-BF2F-5D36E0F0BE51}.Debug|Any CPU.Build.0 = Debug|Any CPU
		{A38B562B-FFCB-41D3-BF2F-5D36E0F0BE51}.Release|Any CPU.ActiveCfg = Release|Any CPU
		{A38B562B-FFCB-41D3-BF2F-5D36E0F0BE51}.Release|Any CPU.Build.0 = Release|Any CPU
		{78BA16D7-CE1F-4CB4-9146-C10FBFFE4483}.Debug|Any CPU.ActiveCfg = Debug|Any CPU
		{78BA16D7-CE1F-4CB4-9146-C10FBFFE4483}.Debug|Any CPU.Build.0 = Debug|Any CPU
		{78BA16D7-CE1F-4CB4-9146-C10FBFFE4483}.Release|Any CPU.ActiveCfg = Release|Any CPU
		{78BA16D7-CE1F-4CB4-9146-C10FBFFE4483}.Release|Any CPU.Build.0 = Release|Any CPU
		{434B310C-6C25-4776-A044-76E5F93ED3FF}.Debug|Any CPU.ActiveCfg = Debug|Any CPU
		{434B310C-6C25-4776-A044-76E5F93ED3FF}.Debug|Any CPU.Build.0 = Debug|Any CPU
		{434B310C-6C25-4776-A044-76E5F93ED3FF}.Release|Any CPU.ActiveCfg = Release|Any CPU
		{434B310C-6C25-4776-A044-76E5F93ED3FF}.Release|Any CPU.Build.0 = Release|Any CPU
		{8F66CFE0-0EEE-4C8E-8DDC-BF25C80CC156}.Debug|Any CPU.ActiveCfg = Debug|Any CPU
		{8F66CFE0-0EEE-4C8E-8DDC-BF25C80CC156}.Debug|Any CPU.Build.0 = Debug|Any CPU
		{8F66CFE0-0EEE-4C8E-8DDC-BF25C80CC156}.Release|Any CPU.ActiveCfg = Release|Any CPU
		{8F66CFE0-0EEE-4C8E-8DDC-BF25C80CC156}.Release|Any CPU.Build.0 = Release|Any CPU
		{0E08CD1F-48D3-45B0-ADFA-509967A51496}.Debug|Any CPU.ActiveCfg = Debug|Any CPU
		{0E08CD1F-48D3-45B0-ADFA-509967A51496}.Debug|Any CPU.Build.0 = Debug|Any CPU
		{0E08CD1F-48D3-45B0-ADFA-509967A51496}.Release|Any CPU.ActiveCfg = Release|Any CPU
		{0E08CD1F-48D3-45B0-ADFA-509967A51496}.Release|Any CPU.Build.0 = Release|Any CPU
		{5575EC67-3670-4979-9CF0-2E0A860D2CC9}.Debug|Any CPU.ActiveCfg = Debug|Any CPU
		{5575EC67-3670-4979-9CF0-2E0A860D2CC9}.Debug|Any CPU.Build.0 = Debug|Any CPU
		{5575EC67-3670-4979-9CF0-2E0A860D2CC9}.Release|Any CPU.ActiveCfg = Release|Any CPU
		{5575EC67-3670-4979-9CF0-2E0A860D2CC9}.Release|Any CPU.Build.0 = Release|Any CPU
		{F9DAEC2B-CB67-4BD2-AEA6-4039AC5E7448}.Debug|Any CPU.ActiveCfg = Debug|Any CPU
		{F9DAEC2B-CB67-4BD2-AEA6-4039AC5E7448}.Debug|Any CPU.Build.0 = Debug|Any CPU
		{F9DAEC2B-CB67-4BD2-AEA6-4039AC5E7448}.Release|Any CPU.ActiveCfg = Release|Any CPU
		{F9DAEC2B-CB67-4BD2-AEA6-4039AC5E7448}.Release|Any CPU.Build.0 = Release|Any CPU
		{6B44B371-8641-4E23-A96E-85510EADA411}.Debug|Any CPU.ActiveCfg = Debug|Any CPU
		{6B44B371-8641-4E23-A96E-85510EADA411}.Debug|Any CPU.Build.0 = Debug|Any CPU
		{6B44B371-8641-4E23-A96E-85510EADA411}.Release|Any CPU.ActiveCfg = Release|Any CPU
		{6B44B371-8641-4E23-A96E-85510EADA411}.Release|Any CPU.Build.0 = Release|Any CPU
		{ECFB856A-1612-4CD6-8469-24A260893050}.Debug|Any CPU.ActiveCfg = Debug|Any CPU
		{ECFB856A-1612-4CD6-8469-24A260893050}.Debug|Any CPU.Build.0 = Debug|Any CPU
		{ECFB856A-1612-4CD6-8469-24A260893050}.Release|Any CPU.ActiveCfg = Release|Any CPU
		{ECFB856A-1612-4CD6-8469-24A260893050}.Release|Any CPU.Build.0 = Release|Any CPU
		{FD649D14-428D-4202-8BB6-75F128F35344}.Debug|Any CPU.ActiveCfg = Debug|Any CPU
		{FD649D14-428D-4202-8BB6-75F128F35344}.Debug|Any CPU.Build.0 = Debug|Any CPU
		{FD649D14-428D-4202-8BB6-75F128F35344}.Release|Any CPU.ActiveCfg = Release|Any CPU
		{FD649D14-428D-4202-8BB6-75F128F35344}.Release|Any CPU.Build.0 = Release|Any CPU
		{8FC48126-ABB8-42AA-8A1D-CBE49C2CB64C}.Debug|Any CPU.ActiveCfg = Debug|Any CPU
		{8FC48126-ABB8-42AA-8A1D-CBE49C2CB64C}.Debug|Any CPU.Build.0 = Debug|Any CPU
		{8FC48126-ABB8-42AA-8A1D-CBE49C2CB64C}.Release|Any CPU.ActiveCfg = Release|Any CPU
		{8FC48126-ABB8-42AA-8A1D-CBE49C2CB64C}.Release|Any CPU.Build.0 = Release|Any CPU
		{1CB8C820-E02F-41EA-B8A5-485FE6E96DD0}.Debug|Any CPU.ActiveCfg = Debug|Any CPU
		{1CB8C820-E02F-41EA-B8A5-485FE6E96DD0}.Debug|Any CPU.Build.0 = Debug|Any CPU
		{1CB8C820-E02F-41EA-B8A5-485FE6E96DD0}.Release|Any CPU.ActiveCfg = Release|Any CPU
		{1CB8C820-E02F-41EA-B8A5-485FE6E96DD0}.Release|Any CPU.Build.0 = Release|Any CPU
		{283F03CC-2DEB-4E93-94C9-74E8BEAC3EB6}.Debug|Any CPU.ActiveCfg = Debug|Any CPU
		{283F03CC-2DEB-4E93-94C9-74E8BEAC3EB6}.Debug|Any CPU.Build.0 = Debug|Any CPU
		{283F03CC-2DEB-4E93-94C9-74E8BEAC3EB6}.Release|Any CPU.ActiveCfg = Release|Any CPU
		{283F03CC-2DEB-4E93-94C9-74E8BEAC3EB6}.Release|Any CPU.Build.0 = Release|Any CPU
		{8A86B1D8-D3AA-4385-A747-87D36086FB0E}.Debug|Any CPU.ActiveCfg = Debug|Any CPU
		{8A86B1D8-D3AA-4385-A747-87D36086FB0E}.Debug|Any CPU.Build.0 = Debug|Any CPU
		{8A86B1D8-D3AA-4385-A747-87D36086FB0E}.Release|Any CPU.ActiveCfg = Release|Any CPU
		{8A86B1D8-D3AA-4385-A747-87D36086FB0E}.Release|Any CPU.Build.0 = Release|Any CPU
		{4386A81D-4684-4288-9632-D339B21BA0B4}.Debug|Any CPU.ActiveCfg = Debug|Any CPU
		{4386A81D-4684-4288-9632-D339B21BA0B4}.Debug|Any CPU.Build.0 = Debug|Any CPU
		{4386A81D-4684-4288-9632-D339B21BA0B4}.Release|Any CPU.ActiveCfg = Release|Any CPU
		{4386A81D-4684-4288-9632-D339B21BA0B4}.Release|Any CPU.Build.0 = Release|Any CPU
		{FF311B2C-74BD-4E7B-8CC6-59CDB9E40803}.Debug|Any CPU.ActiveCfg = Debug|Any CPU
		{FF311B2C-74BD-4E7B-8CC6-59CDB9E40803}.Debug|Any CPU.Build.0 = Debug|Any CPU
		{FF311B2C-74BD-4E7B-8CC6-59CDB9E40803}.Release|Any CPU.ActiveCfg = Release|Any CPU
		{FF311B2C-74BD-4E7B-8CC6-59CDB9E40803}.Release|Any CPU.Build.0 = Release|Any CPU
		{460C8D31-8881-4982-ABD4-43E5D8A88D81}.Debug|Any CPU.ActiveCfg = Debug|Any CPU
		{460C8D31-8881-4982-ABD4-43E5D8A88D81}.Debug|Any CPU.Build.0 = Debug|Any CPU
		{460C8D31-8881-4982-ABD4-43E5D8A88D81}.Release|Any CPU.ActiveCfg = Release|Any CPU
		{460C8D31-8881-4982-ABD4-43E5D8A88D81}.Release|Any CPU.Build.0 = Release|Any CPU
		{C311C4B6-4C85-4683-8D4D-1447DBDB1073}.Debug|Any CPU.ActiveCfg = Debug|Any CPU
		{C311C4B6-4C85-4683-8D4D-1447DBDB1073}.Debug|Any CPU.Build.0 = Debug|Any CPU
		{C311C4B6-4C85-4683-8D4D-1447DBDB1073}.Release|Any CPU.ActiveCfg = Release|Any CPU
		{C311C4B6-4C85-4683-8D4D-1447DBDB1073}.Release|Any CPU.Build.0 = Release|Any CPU
		{61C9AFAE-9C79-4D7E-AC33-2690B9396DBC}.Debug|Any CPU.ActiveCfg = Debug|Any CPU
		{61C9AFAE-9C79-4D7E-AC33-2690B9396DBC}.Debug|Any CPU.Build.0 = Debug|Any CPU
		{61C9AFAE-9C79-4D7E-AC33-2690B9396DBC}.Release|Any CPU.ActiveCfg = Release|Any CPU
		{61C9AFAE-9C79-4D7E-AC33-2690B9396DBC}.Release|Any CPU.Build.0 = Release|Any CPU
		{B619B5CC-1B70-4271-9767-B8F509F75AEC}.Debug|Any CPU.ActiveCfg = Debug|Any CPU
		{B619B5CC-1B70-4271-9767-B8F509F75AEC}.Debug|Any CPU.Build.0 = Debug|Any CPU
		{B619B5CC-1B70-4271-9767-B8F509F75AEC}.Release|Any CPU.ActiveCfg = Release|Any CPU
		{B619B5CC-1B70-4271-9767-B8F509F75AEC}.Release|Any CPU.Build.0 = Release|Any CPU
		{D8A3D67E-2675-4C16-B097-112A95B3D5CD}.Debug|Any CPU.ActiveCfg = Debug|Any CPU
		{D8A3D67E-2675-4C16-B097-112A95B3D5CD}.Debug|Any CPU.Build.0 = Debug|Any CPU
		{D8A3D67E-2675-4C16-B097-112A95B3D5CD}.Release|Any CPU.ActiveCfg = Release|Any CPU
		{D8A3D67E-2675-4C16-B097-112A95B3D5CD}.Release|Any CPU.Build.0 = Release|Any CPU
		{A79FFB4E-26C4-40A5-A658-6E07456E2247}.Debug|Any CPU.ActiveCfg = Debug|Any CPU
		{A79FFB4E-26C4-40A5-A658-6E07456E2247}.Debug|Any CPU.Build.0 = Debug|Any CPU
		{A79FFB4E-26C4-40A5-A658-6E07456E2247}.Release|Any CPU.ActiveCfg = Release|Any CPU
		{A79FFB4E-26C4-40A5-A658-6E07456E2247}.Release|Any CPU.Build.0 = Release|Any CPU
		{6F4C6B4E-66F5-432C-A6ED-BED247D7DE25}.Debug|Any CPU.ActiveCfg = Debug|Any CPU
		{6F4C6B4E-66F5-432C-A6ED-BED247D7DE25}.Debug|Any CPU.Build.0 = Debug|Any CPU
		{6F4C6B4E-66F5-432C-A6ED-BED247D7DE25}.Release|Any CPU.ActiveCfg = Release|Any CPU
		{6F4C6B4E-66F5-432C-A6ED-BED247D7DE25}.Release|Any CPU.Build.0 = Release|Any CPU
		{27845B2A-2097-4579-B549-74A34F07A3BA}.Debug|Any CPU.ActiveCfg = Debug|Any CPU
		{27845B2A-2097-4579-B549-74A34F07A3BA}.Debug|Any CPU.Build.0 = Debug|Any CPU
		{27845B2A-2097-4579-B549-74A34F07A3BA}.Release|Any CPU.ActiveCfg = Release|Any CPU
		{27845B2A-2097-4579-B549-74A34F07A3BA}.Release|Any CPU.Build.0 = Release|Any CPU
		{9C8CCDF9-AB68-4426-9D9E-D1D293B3496A}.Debug|Any CPU.ActiveCfg = Debug|Any CPU
		{9C8CCDF9-AB68-4426-9D9E-D1D293B3496A}.Debug|Any CPU.Build.0 = Debug|Any CPU
		{9C8CCDF9-AB68-4426-9D9E-D1D293B3496A}.Release|Any CPU.ActiveCfg = Release|Any CPU
		{9C8CCDF9-AB68-4426-9D9E-D1D293B3496A}.Release|Any CPU.Build.0 = Release|Any CPU
		{894CDB2E-16FA-4641-8CAD-BEDAEA0BBF15}.Debug|Any CPU.ActiveCfg = Debug|Any CPU
		{894CDB2E-16FA-4641-8CAD-BEDAEA0BBF15}.Debug|Any CPU.Build.0 = Debug|Any CPU
		{894CDB2E-16FA-4641-8CAD-BEDAEA0BBF15}.Release|Any CPU.ActiveCfg = Release|Any CPU
		{894CDB2E-16FA-4641-8CAD-BEDAEA0BBF15}.Release|Any CPU.Build.0 = Release|Any CPU
		{C2F307A2-6D89-46D1-8C9A-78D3A684F175}.Debug|Any CPU.ActiveCfg = Debug|Any CPU
		{C2F307A2-6D89-46D1-8C9A-78D3A684F175}.Debug|Any CPU.Build.0 = Debug|Any CPU
		{C2F307A2-6D89-46D1-8C9A-78D3A684F175}.Release|Any CPU.ActiveCfg = Release|Any CPU
		{C2F307A2-6D89-46D1-8C9A-78D3A684F175}.Release|Any CPU.Build.0 = Release|Any CPU
		{BF647EC3-68D9-4C5E-A6CF-C85D8749DB1B}.Debug|Any CPU.ActiveCfg = Debug|Any CPU
		{BF647EC3-68D9-4C5E-A6CF-C85D8749DB1B}.Debug|Any CPU.Build.0 = Debug|Any CPU
		{BF647EC3-68D9-4C5E-A6CF-C85D8749DB1B}.Release|Any CPU.ActiveCfg = Release|Any CPU
		{BF647EC3-68D9-4C5E-A6CF-C85D8749DB1B}.Release|Any CPU.Build.0 = Release|Any CPU
		{DDC88DB6-C3E8-49F0-9EFE-1F2E68220750}.Debug|Any CPU.ActiveCfg = Debug|Any CPU
		{DDC88DB6-C3E8-49F0-9EFE-1F2E68220750}.Debug|Any CPU.Build.0 = Debug|Any CPU
		{DDC88DB6-C3E8-49F0-9EFE-1F2E68220750}.Release|Any CPU.ActiveCfg = Release|Any CPU
		{DDC88DB6-C3E8-49F0-9EFE-1F2E68220750}.Release|Any CPU.Build.0 = Release|Any CPU
		{E13E7F0C-962D-4395-A314-EFB810F73F2E}.Debug|Any CPU.ActiveCfg = Debug|Any CPU
		{E13E7F0C-962D-4395-A314-EFB810F73F2E}.Debug|Any CPU.Build.0 = Debug|Any CPU
		{E13E7F0C-962D-4395-A314-EFB810F73F2E}.Release|Any CPU.ActiveCfg = Release|Any CPU
		{E13E7F0C-962D-4395-A314-EFB810F73F2E}.Release|Any CPU.Build.0 = Release|Any CPU
		{5C672646-A614-411E-8CEB-4517A0E83C3D}.Debug|Any CPU.ActiveCfg = Debug|Any CPU
		{5C672646-A614-411E-8CEB-4517A0E83C3D}.Debug|Any CPU.Build.0 = Debug|Any CPU
		{5C672646-A614-411E-8CEB-4517A0E83C3D}.Release|Any CPU.ActiveCfg = Release|Any CPU
		{5C672646-A614-411E-8CEB-4517A0E83C3D}.Release|Any CPU.Build.0 = Release|Any CPU
		{D766E500-9466-4EB9-8890-834C740BB59D}.Debug|Any CPU.ActiveCfg = Debug|Any CPU
		{D766E500-9466-4EB9-8890-834C740BB59D}.Debug|Any CPU.Build.0 = Debug|Any CPU
		{D766E500-9466-4EB9-8890-834C740BB59D}.Release|Any CPU.ActiveCfg = Release|Any CPU
		{D766E500-9466-4EB9-8890-834C740BB59D}.Release|Any CPU.Build.0 = Release|Any CPU
		{1EB6FCD6-464C-4630-8205-E60AFF1BC265}.Debug|Any CPU.ActiveCfg = Debug|Any CPU
		{1EB6FCD6-464C-4630-8205-E60AFF1BC265}.Debug|Any CPU.Build.0 = Debug|Any CPU
		{1EB6FCD6-464C-4630-8205-E60AFF1BC265}.Release|Any CPU.ActiveCfg = Release|Any CPU
		{1EB6FCD6-464C-4630-8205-E60AFF1BC265}.Release|Any CPU.Build.0 = Release|Any CPU
		{71807A0D-4B8C-440F-B76F-450C363944C9}.Debug|Any CPU.ActiveCfg = Debug|Any CPU
		{71807A0D-4B8C-440F-B76F-450C363944C9}.Debug|Any CPU.Build.0 = Debug|Any CPU
		{71807A0D-4B8C-440F-B76F-450C363944C9}.Release|Any CPU.ActiveCfg = Release|Any CPU
		{71807A0D-4B8C-440F-B76F-450C363944C9}.Release|Any CPU.Build.0 = Release|Any CPU
		{2747E9D6-2F36-47C7-B8F0-86747216122A}.Debug|Any CPU.ActiveCfg = Debug|Any CPU
		{2747E9D6-2F36-47C7-B8F0-86747216122A}.Debug|Any CPU.Build.0 = Debug|Any CPU
		{2747E9D6-2F36-47C7-B8F0-86747216122A}.Release|Any CPU.ActiveCfg = Release|Any CPU
		{2747E9D6-2F36-47C7-B8F0-86747216122A}.Release|Any CPU.Build.0 = Release|Any CPU
		{25640E53-264B-4740-B582-562F946A8984}.Debug|Any CPU.ActiveCfg = Debug|Any CPU
		{25640E53-264B-4740-B582-562F946A8984}.Debug|Any CPU.Build.0 = Debug|Any CPU
		{25640E53-264B-4740-B582-562F946A8984}.Release|Any CPU.ActiveCfg = Release|Any CPU
		{25640E53-264B-4740-B582-562F946A8984}.Release|Any CPU.Build.0 = Release|Any CPU
		{6FBDC1F7-4510-45BF-B684-D2EAA79B3C36}.Debug|Any CPU.ActiveCfg = Debug|Any CPU
		{6FBDC1F7-4510-45BF-B684-D2EAA79B3C36}.Debug|Any CPU.Build.0 = Debug|Any CPU
		{6FBDC1F7-4510-45BF-B684-D2EAA79B3C36}.Release|Any CPU.ActiveCfg = Release|Any CPU
		{6FBDC1F7-4510-45BF-B684-D2EAA79B3C36}.Release|Any CPU.Build.0 = Release|Any CPU
		{A04C5FFA-E1AF-422B-97DD-30E55ED3D7E6}.Debug|Any CPU.ActiveCfg = Debug|Any CPU
		{A04C5FFA-E1AF-422B-97DD-30E55ED3D7E6}.Debug|Any CPU.Build.0 = Debug|Any CPU
		{A04C5FFA-E1AF-422B-97DD-30E55ED3D7E6}.Release|Any CPU.ActiveCfg = Release|Any CPU
		{A04C5FFA-E1AF-422B-97DD-30E55ED3D7E6}.Release|Any CPU.Build.0 = Release|Any CPU
		{9DC12A78-A4F6-4B68-A3DB-22200C18B267}.Debug|Any CPU.ActiveCfg = Debug|Any CPU
		{9DC12A78-A4F6-4B68-A3DB-22200C18B267}.Debug|Any CPU.Build.0 = Debug|Any CPU
		{9DC12A78-A4F6-4B68-A3DB-22200C18B267}.Release|Any CPU.ActiveCfg = Release|Any CPU
		{9DC12A78-A4F6-4B68-A3DB-22200C18B267}.Release|Any CPU.Build.0 = Release|Any CPU
		{09DFCDD4-89AD-4469-9DBD-9BBA6A8167AC}.Debug|Any CPU.ActiveCfg = Debug|Any CPU
		{09DFCDD4-89AD-4469-9DBD-9BBA6A8167AC}.Debug|Any CPU.Build.0 = Debug|Any CPU
		{09DFCDD4-89AD-4469-9DBD-9BBA6A8167AC}.Release|Any CPU.ActiveCfg = Release|Any CPU
		{09DFCDD4-89AD-4469-9DBD-9BBA6A8167AC}.Release|Any CPU.Build.0 = Release|Any CPU
		{721CF9CC-3F94-4FB3-9CD2-A4DD8A05ED9F}.Debug|Any CPU.ActiveCfg = Debug|Any CPU
		{721CF9CC-3F94-4FB3-9CD2-A4DD8A05ED9F}.Debug|Any CPU.Build.0 = Debug|Any CPU
		{721CF9CC-3F94-4FB3-9CD2-A4DD8A05ED9F}.Release|Any CPU.ActiveCfg = Release|Any CPU
		{721CF9CC-3F94-4FB3-9CD2-A4DD8A05ED9F}.Release|Any CPU.Build.0 = Release|Any CPU
		{0C03D66B-A48A-43F2-8B84-BCD78D5F3488}.Debug|Any CPU.ActiveCfg = Debug|Any CPU
		{0C03D66B-A48A-43F2-8B84-BCD78D5F3488}.Debug|Any CPU.Build.0 = Debug|Any CPU
		{0C03D66B-A48A-43F2-8B84-BCD78D5F3488}.Release|Any CPU.ActiveCfg = Release|Any CPU
		{0C03D66B-A48A-43F2-8B84-BCD78D5F3488}.Release|Any CPU.Build.0 = Release|Any CPU
		{C2F4B90C-5F6B-4C99-B4AC-EFA2B1692B15}.Debug|Any CPU.ActiveCfg = Debug|Any CPU
		{C2F4B90C-5F6B-4C99-B4AC-EFA2B1692B15}.Debug|Any CPU.Build.0 = Debug|Any CPU
		{C2F4B90C-5F6B-4C99-B4AC-EFA2B1692B15}.Release|Any CPU.ActiveCfg = Release|Any CPU
		{C2F4B90C-5F6B-4C99-B4AC-EFA2B1692B15}.Release|Any CPU.Build.0 = Release|Any CPU
		{8AF046AC-6E08-4FC3-B512-4FFFF5D29CCF}.Debug|Any CPU.ActiveCfg = Debug|Any CPU
		{8AF046AC-6E08-4FC3-B512-4FFFF5D29CCF}.Debug|Any CPU.Build.0 = Debug|Any CPU
		{8AF046AC-6E08-4FC3-B512-4FFFF5D29CCF}.Release|Any CPU.ActiveCfg = Release|Any CPU
		{8AF046AC-6E08-4FC3-B512-4FFFF5D29CCF}.Release|Any CPU.Build.0 = Release|Any CPU
		{6642147B-3ADC-4BBA-85CB-E2DFA0D200B8}.Debug|Any CPU.ActiveCfg = Debug|Any CPU
		{6642147B-3ADC-4BBA-85CB-E2DFA0D200B8}.Debug|Any CPU.Build.0 = Debug|Any CPU
		{6642147B-3ADC-4BBA-85CB-E2DFA0D200B8}.Release|Any CPU.ActiveCfg = Release|Any CPU
		{6642147B-3ADC-4BBA-85CB-E2DFA0D200B8}.Release|Any CPU.Build.0 = Release|Any CPU
		{EC3D72C2-9AFB-4D21-A6EE-9A43ABB34863}.Debug|Any CPU.ActiveCfg = Debug|Any CPU
		{EC3D72C2-9AFB-4D21-A6EE-9A43ABB34863}.Debug|Any CPU.Build.0 = Debug|Any CPU
		{EC3D72C2-9AFB-4D21-A6EE-9A43ABB34863}.Release|Any CPU.ActiveCfg = Release|Any CPU
		{EC3D72C2-9AFB-4D21-A6EE-9A43ABB34863}.Release|Any CPU.Build.0 = Release|Any CPU
		{03AB5F12-655A-4796-8582-EF0D54E0CD26}.Debug|Any CPU.ActiveCfg = Debug|Any CPU
		{03AB5F12-655A-4796-8582-EF0D54E0CD26}.Debug|Any CPU.Build.0 = Debug|Any CPU
		{03AB5F12-655A-4796-8582-EF0D54E0CD26}.Release|Any CPU.ActiveCfg = Release|Any CPU
		{03AB5F12-655A-4796-8582-EF0D54E0CD26}.Release|Any CPU.Build.0 = Release|Any CPU
		{11C5911D-EE4E-46E9-958D-1FCBEEE6BB50}.Debug|Any CPU.ActiveCfg = Debug|Any CPU
		{11C5911D-EE4E-46E9-958D-1FCBEEE6BB50}.Debug|Any CPU.Build.0 = Debug|Any CPU
		{11C5911D-EE4E-46E9-958D-1FCBEEE6BB50}.Release|Any CPU.ActiveCfg = Release|Any CPU
		{11C5911D-EE4E-46E9-958D-1FCBEEE6BB50}.Release|Any CPU.Build.0 = Release|Any CPU
		{9E435E1D-EDB4-4E85-B1A2-F08B753EDE2B}.Debug|Any CPU.ActiveCfg = Debug|Any CPU
		{9E435E1D-EDB4-4E85-B1A2-F08B753EDE2B}.Debug|Any CPU.Build.0 = Debug|Any CPU
		{9E435E1D-EDB4-4E85-B1A2-F08B753EDE2B}.Release|Any CPU.ActiveCfg = Release|Any CPU
		{9E435E1D-EDB4-4E85-B1A2-F08B753EDE2B}.Release|Any CPU.Build.0 = Release|Any CPU
		{A1AC8C4E-3145-4E26-A8A3-329EF2A6CA60}.Debug|Any CPU.ActiveCfg = Debug|Any CPU
		{A1AC8C4E-3145-4E26-A8A3-329EF2A6CA60}.Debug|Any CPU.Build.0 = Debug|Any CPU
		{A1AC8C4E-3145-4E26-A8A3-329EF2A6CA60}.Release|Any CPU.ActiveCfg = Release|Any CPU
		{A1AC8C4E-3145-4E26-A8A3-329EF2A6CA60}.Release|Any CPU.Build.0 = Release|Any CPU
		{FB987D64-BFD4-4F40-84B3-C9A9900232B9}.Debug|Any CPU.ActiveCfg = Debug|Any CPU
		{FB987D64-BFD4-4F40-84B3-C9A9900232B9}.Debug|Any CPU.Build.0 = Debug|Any CPU
		{FB987D64-BFD4-4F40-84B3-C9A9900232B9}.Release|Any CPU.ActiveCfg = Release|Any CPU
		{FB987D64-BFD4-4F40-84B3-C9A9900232B9}.Release|Any CPU.Build.0 = Release|Any CPU
		{1BC6ECD3-40D8-4327-9684-0E7C1ED7B3F0}.Debug|Any CPU.ActiveCfg = Debug|Any CPU
		{1BC6ECD3-40D8-4327-9684-0E7C1ED7B3F0}.Debug|Any CPU.Build.0 = Debug|Any CPU
		{1BC6ECD3-40D8-4327-9684-0E7C1ED7B3F0}.Release|Any CPU.ActiveCfg = Release|Any CPU
		{1BC6ECD3-40D8-4327-9684-0E7C1ED7B3F0}.Release|Any CPU.Build.0 = Release|Any CPU
		{DA56F1D8-3BE6-494F-9C10-35A9DDFC5D40}.Debug|Any CPU.ActiveCfg = Debug|Any CPU
		{DA56F1D8-3BE6-494F-9C10-35A9DDFC5D40}.Debug|Any CPU.Build.0 = Debug|Any CPU
		{DA56F1D8-3BE6-494F-9C10-35A9DDFC5D40}.Release|Any CPU.ActiveCfg = Release|Any CPU
		{DA56F1D8-3BE6-494F-9C10-35A9DDFC5D40}.Release|Any CPU.Build.0 = Release|Any CPU
		{FEA5E962-4B97-4052-841F-56DCA32C9BEB}.Debug|Any CPU.ActiveCfg = Debug|Any CPU
		{FEA5E962-4B97-4052-841F-56DCA32C9BEB}.Debug|Any CPU.Build.0 = Debug|Any CPU
		{FEA5E962-4B97-4052-841F-56DCA32C9BEB}.Release|Any CPU.ActiveCfg = Release|Any CPU
		{FEA5E962-4B97-4052-841F-56DCA32C9BEB}.Release|Any CPU.Build.0 = Release|Any CPU
		{904A74CD-7375-451F-AD0F-23B8EBEA8613}.Debug|Any CPU.ActiveCfg = Debug|Any CPU
		{904A74CD-7375-451F-AD0F-23B8EBEA8613}.Debug|Any CPU.Build.0 = Debug|Any CPU
		{904A74CD-7375-451F-AD0F-23B8EBEA8613}.Release|Any CPU.ActiveCfg = Release|Any CPU
		{904A74CD-7375-451F-AD0F-23B8EBEA8613}.Release|Any CPU.Build.0 = Release|Any CPU
		{E3D75487-19E7-4BEB-BAEB-D63CE9476191}.Debug|Any CPU.ActiveCfg = Debug|Any CPU
		{E3D75487-19E7-4BEB-BAEB-D63CE9476191}.Debug|Any CPU.Build.0 = Debug|Any CPU
		{E3D75487-19E7-4BEB-BAEB-D63CE9476191}.Release|Any CPU.ActiveCfg = Release|Any CPU
		{E3D75487-19E7-4BEB-BAEB-D63CE9476191}.Release|Any CPU.Build.0 = Release|Any CPU
		{42D07C55-0BCA-43FF-9CB6-E41EB05C53A8}.Debug|Any CPU.ActiveCfg = Debug|Any CPU
		{42D07C55-0BCA-43FF-9CB6-E41EB05C53A8}.Debug|Any CPU.Build.0 = Debug|Any CPU
		{42D07C55-0BCA-43FF-9CB6-E41EB05C53A8}.Release|Any CPU.ActiveCfg = Release|Any CPU
		{42D07C55-0BCA-43FF-9CB6-E41EB05C53A8}.Release|Any CPU.Build.0 = Release|Any CPU
		{9682BD7A-AD0D-4681-9769-F9FA948DED46}.Debug|Any CPU.ActiveCfg = Debug|Any CPU
		{9682BD7A-AD0D-4681-9769-F9FA948DED46}.Debug|Any CPU.Build.0 = Debug|Any CPU
		{9682BD7A-AD0D-4681-9769-F9FA948DED46}.Release|Any CPU.ActiveCfg = Release|Any CPU
		{9682BD7A-AD0D-4681-9769-F9FA948DED46}.Release|Any CPU.Build.0 = Release|Any CPU
		{E9CBE374-1AB6-4B8B-9A98-D4B8156761AA}.Debug|Any CPU.ActiveCfg = Debug|Any CPU
		{E9CBE374-1AB6-4B8B-9A98-D4B8156761AA}.Debug|Any CPU.Build.0 = Debug|Any CPU
		{E9CBE374-1AB6-4B8B-9A98-D4B8156761AA}.Release|Any CPU.ActiveCfg = Release|Any CPU
		{E9CBE374-1AB6-4B8B-9A98-D4B8156761AA}.Release|Any CPU.Build.0 = Release|Any CPU
		{2BB3CD20-0759-4E43-9FB6-C685D3FD1F79}.Debug|Any CPU.ActiveCfg = Debug|Any CPU
		{2BB3CD20-0759-4E43-9FB6-C685D3FD1F79}.Debug|Any CPU.Build.0 = Debug|Any CPU
		{2BB3CD20-0759-4E43-9FB6-C685D3FD1F79}.Release|Any CPU.ActiveCfg = Release|Any CPU
		{2BB3CD20-0759-4E43-9FB6-C685D3FD1F79}.Release|Any CPU.Build.0 = Release|Any CPU
		{69D379E0-E1AB-4030-B013-65E8D24975A6}.Debug|Any CPU.ActiveCfg = Debug|Any CPU
		{69D379E0-E1AB-4030-B013-65E8D24975A6}.Debug|Any CPU.Build.0 = Debug|Any CPU
		{69D379E0-E1AB-4030-B013-65E8D24975A6}.Release|Any CPU.ActiveCfg = Release|Any CPU
		{69D379E0-E1AB-4030-B013-65E8D24975A6}.Release|Any CPU.Build.0 = Release|Any CPU
		{498FA6E2-C86A-479E-8379-1F8D6BCB05B3}.Debug|Any CPU.ActiveCfg = Debug|Any CPU
		{498FA6E2-C86A-479E-8379-1F8D6BCB05B3}.Debug|Any CPU.Build.0 = Debug|Any CPU
		{498FA6E2-C86A-479E-8379-1F8D6BCB05B3}.Release|Any CPU.ActiveCfg = Release|Any CPU
		{498FA6E2-C86A-479E-8379-1F8D6BCB05B3}.Release|Any CPU.Build.0 = Release|Any CPU
		{A4E04043-E918-4728-9A04-B701A6626DB4}.Debug|Any CPU.ActiveCfg = Debug|Any CPU
		{A4E04043-E918-4728-9A04-B701A6626DB4}.Debug|Any CPU.Build.0 = Debug|Any CPU
		{A4E04043-E918-4728-9A04-B701A6626DB4}.Release|Any CPU.ActiveCfg = Release|Any CPU
		{A4E04043-E918-4728-9A04-B701A6626DB4}.Release|Any CPU.Build.0 = Release|Any CPU
		{FDCF5943-1432-4A75-B858-C29C2693367E}.Debug|Any CPU.ActiveCfg = Debug|Any CPU
		{FDCF5943-1432-4A75-B858-C29C2693367E}.Debug|Any CPU.Build.0 = Debug|Any CPU
		{FDCF5943-1432-4A75-B858-C29C2693367E}.Release|Any CPU.ActiveCfg = Release|Any CPU
		{FDCF5943-1432-4A75-B858-C29C2693367E}.Release|Any CPU.Build.0 = Release|Any CPU
		{4A66C197-265C-47B0-B0E8-E1E9A5C68FC5}.Debug|Any CPU.ActiveCfg = Debug|Any CPU
		{4A66C197-265C-47B0-B0E8-E1E9A5C68FC5}.Debug|Any CPU.Build.0 = Debug|Any CPU
		{4A66C197-265C-47B0-B0E8-E1E9A5C68FC5}.Release|Any CPU.ActiveCfg = Release|Any CPU
		{4A66C197-265C-47B0-B0E8-E1E9A5C68FC5}.Release|Any CPU.Build.0 = Release|Any CPU
		{B1FB7F9C-F8BA-4B91-A619-0176F3111560}.Debug|Any CPU.ActiveCfg = Debug|Any CPU
		{B1FB7F9C-F8BA-4B91-A619-0176F3111560}.Debug|Any CPU.Build.0 = Debug|Any CPU
		{B1FB7F9C-F8BA-4B91-A619-0176F3111560}.Release|Any CPU.ActiveCfg = Release|Any CPU
		{B1FB7F9C-F8BA-4B91-A619-0176F3111560}.Release|Any CPU.Build.0 = Release|Any CPU
		{118879F6-4091-4F24-AD4A-8C443A2A9A80}.Debug|Any CPU.ActiveCfg = Debug|Any CPU
		{118879F6-4091-4F24-AD4A-8C443A2A9A80}.Debug|Any CPU.Build.0 = Debug|Any CPU
		{118879F6-4091-4F24-AD4A-8C443A2A9A80}.Release|Any CPU.ActiveCfg = Release|Any CPU
		{118879F6-4091-4F24-AD4A-8C443A2A9A80}.Release|Any CPU.Build.0 = Release|Any CPU
		{A66D5C51-42F4-40D2-87EC-C11B7EB1C186}.Debug|Any CPU.ActiveCfg = Debug|Any CPU
		{A66D5C51-42F4-40D2-87EC-C11B7EB1C186}.Debug|Any CPU.Build.0 = Debug|Any CPU
		{A66D5C51-42F4-40D2-87EC-C11B7EB1C186}.Release|Any CPU.ActiveCfg = Release|Any CPU
		{A66D5C51-42F4-40D2-87EC-C11B7EB1C186}.Release|Any CPU.Build.0 = Release|Any CPU
		{41E946F0-C9AD-4EE9-A7AF-77F1667FF8F2}.Debug|Any CPU.ActiveCfg = Debug|Any CPU
		{41E946F0-C9AD-4EE9-A7AF-77F1667FF8F2}.Debug|Any CPU.Build.0 = Debug|Any CPU
		{41E946F0-C9AD-4EE9-A7AF-77F1667FF8F2}.Release|Any CPU.ActiveCfg = Release|Any CPU
		{41E946F0-C9AD-4EE9-A7AF-77F1667FF8F2}.Release|Any CPU.Build.0 = Release|Any CPU
		{22B5BB1E-6678-439C-AAF7-93BF963FC146}.Debug|Any CPU.ActiveCfg = Debug|Any CPU
		{22B5BB1E-6678-439C-AAF7-93BF963FC146}.Debug|Any CPU.Build.0 = Debug|Any CPU
		{22B5BB1E-6678-439C-AAF7-93BF963FC146}.Release|Any CPU.ActiveCfg = Release|Any CPU
		{22B5BB1E-6678-439C-AAF7-93BF963FC146}.Release|Any CPU.Build.0 = Release|Any CPU
		{42C7840A-3AEC-4A24-BF1F-40CB518811F1}.Debug|Any CPU.ActiveCfg = Debug|Any CPU
		{42C7840A-3AEC-4A24-BF1F-40CB518811F1}.Debug|Any CPU.Build.0 = Debug|Any CPU
		{42C7840A-3AEC-4A24-BF1F-40CB518811F1}.Release|Any CPU.ActiveCfg = Release|Any CPU
		{42C7840A-3AEC-4A24-BF1F-40CB518811F1}.Release|Any CPU.Build.0 = Release|Any CPU
	EndGlobalSection
	GlobalSection(SolutionProperties) = preSolution
		HideSolutionNode = FALSE
	EndGlobalSection
	GlobalSection(ExtensibilityGlobals) = postSolution
		SolutionGuid = {66CFCBB0-57C5-4B67-960B-A2E0F029F134}
	EndGlobalSection
EndGlobal
